# This file is automatically @generated by Poetry 1.8.3 and should not be changed by hand.

[[package]]
name = "logging"
version = "0.4.9.6"
description = "A logging module for Python"
optional = false
python-versions = "*"
files = [
    {file = "logging-0.4.9.6.tar.gz", hash = "sha256:26f6b50773f085042d301085bd1bf5d9f3735704db9f37c1ce6d8b85c38f2417"},
]

[metadata]
lock-version = "2.0"
python-versions = "^3.9.6"
content-hash = "03a14549c2726f60f81b9d29ead9028cb28073fbe27e912aa482d1cd1219dd00"
